
Microsoft Visual Studio Solution File, Format Version 12.00
# Visual Studio Version 17
VisualStudioVersion = 17.2.32616.157
MinimumVisualStudioVersion = 10.0.40219.1
Project("{2150E333-8FDC-42A3-9474-1A3956D46DE8}") = "FrontEnd", "FrontEnd", "{8E443B08-ACCA-4747-86CD-CDD3E106AD95}"
EndProject
Project("{2150E333-8FDC-42A3-9474-1A3956D46DE8}") = "Services", "Services", "{E27C813C-8724-4E39-88FD-EE0E29D1B0DB}"
EndProject
Project("{9A19103F-16F7-4668-BE54-9A1E7A4F7556}") = "GeekShooping.Web", "GeekShooping.Web\GeekShooping.Web.csproj", "{2F47D0A3-449B-4071-B966-CEC18FCEE0CB}"
EndProject
Project("{9A19103F-16F7-4668-BE54-9A1E7A4F7556}") = "GeekShooping.ProductAPI", "GeekShooping.ProductAPI\GeekShooping.ProductAPI.csproj", "{01ED5A12-A4F1-4D7B-90A0-AD17348EB987}"
EndProject
Project("{9A19103F-16F7-4668-BE54-9A1E7A4F7556}") = "GeekShopping.IdentityServer", "GeekShopping.IdentityServer\GeekShopping.IdentityServer.csproj", "{DD6A6F71-8C78-460B-A3D5-21FB52E4D724}"
EndProject
Project("{9A19103F-16F7-4668-BE54-9A1E7A4F7556}") = "GeekShopping.CartAPI", "GeekShopping.CartAPI\GeekShopping.CartAPI.csproj", "{D8AC8D5E-40E4-4FEB-B48E-BEB7525295AD}"
EndProject
Project("{9A19103F-16F7-4668-BE54-9A1E7A4F7556}") = "GeekShopping.CouponAPI", "GeekShopping.CouponAPI\GeekShopping.CouponAPI.csproj", "{6B664FE8-E3F0-4431-80FD-C122AE196E3E}"
EndProject
Project("{2150E333-8FDC-42A3-9474-1A3956D46DE8}") = "Integration", "Integration", "{C7685D7B-1179-48E6-9B5D-0109F61913D7}"
EndProject
Project("{9A19103F-16F7-4668-BE54-9A1E7A4F7556}") = "GeekShopping.MessageBus", "GeekShopping.MessageBus\GeekShopping.MessageBus.csproj", "{C4374BCC-80B6-4909-8025-C9C21DDD5948}"
EndProject
Project("{9A19103F-16F7-4668-BE54-9A1E7A4F7556}") = "GeekShopping.OrderAPI", "GeekShopping.OrderAPI\GeekShopping.OrderAPI.csproj", "{7E372B97-F3B8-439D-99F3-6419C400B800}"
EndProject
Project("{2150E333-8FDC-42A3-9474-1A3956D46DE8}") = "Payments", "Payments", "{273B4455-24CD-4F1D-8D9D-99696FDD8E38}"
EndProject
Project("{9A19103F-16F7-4668-BE54-9A1E7A4F7556}") = "GeekShopping.PaymentProcessor", "GeekShopping.PaymentProcessor\GeekShopping.PaymentProcessor.csproj", "{7DF4A7AE-6DEF-451A-BFD9-036475A9868F}"
EndProject
Project("{9A19103F-16F7-4668-BE54-9A1E7A4F7556}") = "GeekShopping.PaymentAPI", "GeekShopping.PaymentAPI\GeekShopping.PaymentAPI.csproj", "{CF18550C-F22D-46F7-8F96-8A679AB21568}"
EndProject
Project("{9A19103F-16F7-4668-BE54-9A1E7A4F7556}") = "GeekShopping.Email", "GeekShopping.Email\GeekShopping.Email.csproj", "{05DE8B14-9B88-47B8-B731-8D68DC4CBB48}"
EndProject
Project("{2150E333-8FDC-42A3-9474-1A3956D46DE8}") = "Gateway", "Gateway", "{64677D67-1491-43E5-A6E3-FD569BBB96B6}"
EndProject
Project("{FAE04EC0-301F-11D3-BF4B-00C04F79EFBC}") = "GeekShopping.APIGateway", "GeekShopping.APIGateway\GeekShopping.APIGateway.csproj", "{3A7EC9C2-A199-4EF2-8EF9-378884159B33}"
EndProject
Global
	GlobalSection(SolutionConfigurationPlatforms) = preSolution
		Debug|Any CPU = Debug|Any CPU
		Release|Any CPU = Release|Any CPU
	EndGlobalSection
	GlobalSection(ProjectConfigurationPlatforms) = postSolution
		{2F47D0A3-449B-4071-B966-CEC18FCEE0CB}.Debug|Any CPU.ActiveCfg = Debug|Any CPU
		{2F47D0A3-449B-4071-B966-CEC18FCEE0CB}.Debug|Any CPU.Build.0 = Debug|Any CPU
		{2F47D0A3-449B-4071-B966-CEC18FCEE0CB}.Release|Any CPU.ActiveCfg = Release|Any CPU
		{2F47D0A3-449B-4071-B966-CEC18FCEE0CB}.Release|Any CPU.Build.0 = Release|Any CPU
		{01ED5A12-A4F1-4D7B-90A0-AD17348EB987}.Debug|Any CPU.ActiveCfg = Debug|Any CPU
		{01ED5A12-A4F1-4D7B-90A0-AD17348EB987}.Debug|Any CPU.Build.0 = Debug|Any CPU
		{01ED5A12-A4F1-4D7B-90A0-AD17348EB987}.Release|Any CPU.ActiveCfg = Release|Any CPU
		{01ED5A12-A4F1-4D7B-90A0-AD17348EB987}.Release|Any CPU.Build.0 = Release|Any CPU
		{DD6A6F71-8C78-460B-A3D5-21FB52E4D724}.Debug|Any CPU.ActiveCfg = Debug|Any CPU
		{DD6A6F71-8C78-460B-A3D5-21FB52E4D724}.Debug|Any CPU.Build.0 = Debug|Any CPU
		{DD6A6F71-8C78-460B-A3D5-21FB52E4D724}.Release|Any CPU.ActiveCfg = Release|Any CPU
		{DD6A6F71-8C78-460B-A3D5-21FB52E4D724}.Release|Any CPU.Build.0 = Release|Any CPU
		{D8AC8D5E-40E4-4FEB-B48E-BEB7525295AD}.Debug|Any CPU.ActiveCfg = Debug|Any CPU
		{D8AC8D5E-40E4-4FEB-B48E-BEB7525295AD}.Debug|Any CPU.Build.0 = Debug|Any CPU
		{D8AC8D5E-40E4-4FEB-B48E-BEB7525295AD}.Release|Any CPU.ActiveCfg = Release|Any CPU
		{D8AC8D5E-40E4-4FEB-B48E-BEB7525295AD}.Release|Any CPU.Build.0 = Release|Any CPU
		{6B664FE8-E3F0-4431-80FD-C122AE196E3E}.Debug|Any CPU.ActiveCfg = Debug|Any CPU
		{6B664FE8-E3F0-4431-80FD-C122AE196E3E}.Debug|Any CPU.Build.0 = Debug|Any CPU
		{6B664FE8-E3F0-4431-80FD-C122AE196E3E}.Release|Any CPU.ActiveCfg = Release|Any CPU
		{6B664FE8-E3F0-4431-80FD-C122AE196E3E}.Release|Any CPU.Build.0 = Release|Any CPU
		{C4374BCC-80B6-4909-8025-C9C21DDD5948}.Debug|Any CPU.ActiveCfg = Debug|Any CPU
		{C4374BCC-80B6-4909-8025-C9C21DDD5948}.Debug|Any CPU.Build.0 = Debug|Any CPU
		{C4374BCC-80B6-4909-8025-C9C21DDD5948}.Release|Any CPU.ActiveCfg = Release|Any CPU
		{C4374BCC-80B6-4909-8025-C9C21DDD5948}.Release|Any CPU.Build.0 = Release|Any CPU
		{7E372B97-F3B8-439D-99F3-6419C400B800}.Debug|Any CPU.ActiveCfg = Debug|Any CPU
		{7E372B97-F3B8-439D-99F3-6419C400B800}.Debug|Any CPU.Build.0 = Debug|Any CPU
		{7E372B97-F3B8-439D-99F3-6419C400B800}.Release|Any CPU.ActiveCfg = Release|Any CPU
		{7E372B97-F3B8-439D-99F3-6419C400B800}.Release|Any CPU.Build.0 = Release|Any CPU
		{7DF4A7AE-6DEF-451A-BFD9-036475A9868F}.Debug|Any CPU.ActiveCfg = Debug|Any CPU
		{7DF4A7AE-6DEF-451A-BFD9-036475A9868F}.Debug|Any CPU.Build.0 = Debug|Any CPU
		{7DF4A7AE-6DEF-451A-BFD9-036475A9868F}.Release|Any CPU.ActiveCfg = Release|Any CPU
		{7DF4A7AE-6DEF-451A-BFD9-036475A9868F}.Release|Any CPU.Build.0 = Release|Any CPU
		{CF18550C-F22D-46F7-8F96-8A679AB21568}.Debug|Any CPU.ActiveCfg = Debug|Any CPU
		{CF18550C-F22D-46F7-8F96-8A679AB21568}.Debug|Any CPU.Build.0 = Debug|Any CPU
		{CF18550C-F22D-46F7-8F96-8A679AB21568}.Release|Any CPU.ActiveCfg = Release|Any CPU
		{CF18550C-F22D-46F7-8F96-8A679AB21568}.Release|Any CPU.Build.0 = Release|Any CPU
		{05DE8B14-9B88-47B8-B731-8D68DC4CBB48}.Debug|Any CPU.ActiveCfg = Debug|Any CPU
		{05DE8B14-9B88-47B8-B731-8D68DC4CBB48}.Debug|Any CPU.Build.0 = Debug|Any CPU
		{05DE8B14-9B88-47B8-B731-8D68DC4CBB48}.Release|Any CPU.ActiveCfg = Release|Any CPU
		{05DE8B14-9B88-47B8-B731-8D68DC4CBB48}.Release|Any CPU.Build.0 = Release|Any CPU
		{3A7EC9C2-A199-4EF2-8EF9-378884159B33}.Debug|Any CPU.ActiveCfg = Debug|Any CPU
		{3A7EC9C2-A199-4EF2-8EF9-378884159B33}.Debug|Any CPU.Build.0 = Debug|Any CPU
		{3A7EC9C2-A199-4EF2-8EF9-378884159B33}.Release|Any CPU.ActiveCfg = Release|Any CPU
		{3A7EC9C2-A199-4EF2-8EF9-378884159B33}.Release|Any CPU.Build.0 = Release|Any CPU
	EndGlobalSection
	GlobalSection(SolutionProperties) = preSolution
		HideSolutionNode = FALSE
	EndGlobalSection
	GlobalSection(NestedProjects) = preSolution
		{2F47D0A3-449B-4071-B966-CEC18FCEE0CB} = {8E443B08-ACCA-4747-86CD-CDD3E106AD95}
		{01ED5A12-A4F1-4D7B-90A0-AD17348EB987} = {E27C813C-8724-4E39-88FD-EE0E29D1B0DB}
		{DD6A6F71-8C78-460B-A3D5-21FB52E4D724} = {E27C813C-8724-4E39-88FD-EE0E29D1B0DB}
		{D8AC8D5E-40E4-4FEB-B48E-BEB7525295AD} = {E27C813C-8724-4E39-88FD-EE0E29D1B0DB}
		{6B664FE8-E3F0-4431-80FD-C122AE196E3E} = {E27C813C-8724-4E39-88FD-EE0E29D1B0DB}
		{C4374BCC-80B6-4909-8025-C9C21DDD5948} = {C7685D7B-1179-48E6-9B5D-0109F61913D7}
		{7E372B97-F3B8-439D-99F3-6419C400B800} = {E27C813C-8724-4E39-88FD-EE0E29D1B0DB}
		{7DF4A7AE-6DEF-451A-BFD9-036475A9868F} = {273B4455-24CD-4F1D-8D9D-99696FDD8E38}
		{CF18550C-F22D-46F7-8F96-8A679AB21568} = {E27C813C-8724-4E39-88FD-EE0E29D1B0DB}
		{05DE8B14-9B88-47B8-B731-8D68DC4CBB48} = {E27C813C-8724-4E39-88FD-EE0E29D1B0DB}
		{3A7EC9C2-A199-4EF2-8EF9-378884159B33} = {64677D67-1491-43E5-A6E3-FD569BBB96B6}
	EndGlobalSection
	GlobalSection(ExtensibilityGlobals) = postSolution
		SolutionGuid = {4911C0B2-A014-4B21-9E7C-546D27C348A2}
	EndGlobalSection
EndGlobal
